PODS:
  - ZarinPal (1.1.12)
  - ZarinPal_MPG (1.1.12)

DEPENDENCIES:
  - ZarinPal (~> 1.1.12)
  - ZarinPal_MPG (~> 1.1.12)

SPEC REPOS:
  trunk:
    - ZarinPal
    - ZarinPal_MPG

SPEC CHECKSUMS:
  ZarinPal: d23e82916f07c7d03480f5e4fcd224291021d668
  ZarinPal_MPG: 48fb8cf403b2be163abac5848d1516530b1a197a

PODFILE CHECKSUM: cacd6eda563827a6c0b20700464e583439719f4a

COCOAPODS: 1.11.2
