PODS:
  - ZarinPal (1.1.13)
  - ZarinPal_MPG (1.1.13)

DEPENDENCIES:
  - ZarinPal (~> 1.1.13)
  - ZarinPal_MPG (~> 1.1.13)

SPEC REPOS:
  trunk:
    - ZarinPal
    - ZarinPal_MPG

SPEC CHECKSUMS:
  ZarinPal: f07f937924880f6c2d2f96e20204ed767b4256a2
  ZarinPal_MPG: 0947257b028ac13879876a476a7a057d761a981b

PODFILE CHECKSUM: ea078a71d7b6937e863b08e61ccf4ce07ed408ac

COCOAPODS: 1.11.2
