PODS:
  - ZarinPal (1.1.15)
  - ZarinPal_MPG (1.1.15)

DEPENDENCIES:
  - ZarinPal (~> 1.1.15)
  - ZarinPal_MPG (~> 1.1.15)

SPEC REPOS:
  trunk:
    - ZarinPal
    - ZarinPal_MPG

SPEC CHECKSUMS:
  ZarinPal: e2b553696836cd84e8649e8579b2e47f75c964cb
  ZarinPal_MPG: 11241a52b02dd3bb924f7c3026f55b3772e7fb63

PODFILE CHECKSUM: 79af4dd7462c485d3f9a3bd1aa87f9f6b98cc853

COCOAPODS: 1.11.2
